<?xml version="1.0" encoding="utf-8"?>
<Project ToolsVersion="4.0" xmlns="http://schemas.microsoft.com/developer/msbuild/2003">
  <ItemGroup>
    <Filter Include="source">
      <UniqueIdentifier>{cb2f72a8-c984-42ff-bb94-4a2add0d4eb8}</UniqueIdentifier>
    </Filter>
    <Filter Include="include">
      <UniqueIdentifier>{2172495a-19b6-4240-893f-1c76ed255f44}</UniqueIdentifier>
    </Filter>
  </ItemGroup>
  <ItemGroup>
    <ClInclude Include="include\rapidjson-ext\Writer.hpp">
      <Filter>include</Filter>
    </ClInclude>
    <ClInclude Include="include\rapidjson-ext\Reader.hpp">
      <Filter>include</Filter>
    </ClInclude>
    <ClInclude Include="include\rapidjson-ext\Detail.hpp">
      <Filter>include</Filter>
    </ClInclude>
  </ItemGroup>
  <ItemGroup>
    <ClCompile Include="source\Writer.cpp">
      <Filter>source</Filter>
    </ClCompile>
    <ClCompile Include="source\Reader.cpp">
      <Filter>source</Filter>
    </ClCompile>
  </ItemGroup>
</Project>